<?xml version="1.0" encoding="utf-8"?>
<Project ToolsVersion="4.0" xmlns="http://schemas.microsoft.com/developer/msbuild/2003">
  <ItemGroup>
    <Filter Include="OnEngine">
      <UniqueIdentifier>{78D97E20-64A6-D92B-8DBF-C7D379EB0EBA}</UniqueIdentifier>
    </Filter>
    <Filter Include="OnEngine\Drawing">
      <UniqueIdentifier>{F37835B8-DF71-540A-08A4-398FF4FB3316}</UniqueIdentifier>
    </Filter>
    <Filter Include="OnEngine\Events">
      <UniqueIdentifier>{5C2E823E-C8B9-EF02-D1CA-72F73DD54B03}</UniqueIdentifier>
    </Filter>
    <Filter Include="OnEngine\ImGui">
      <UniqueIdentifier>{A288D2AC-8E56-C6B2-77EA-36D96357A217}</UniqueIdentifier>
    </Filter>
    <Filter Include="OnEngine\Layers">
      <UniqueIdentifier>{3719654D-A3A4-D211-ACB5-550618C02E12}</UniqueIdentifier>
    </Filter>
    <Filter Include="OnEngine\Objs">
      <UniqueIdentifier>{1505196A-81C5-94A0-4A00-DE1DB67FD97C}</UniqueIdentifier>
    </Filter>
    <Filter Include="OnEngine\Platform">
      <UniqueIdentifier>{CC3CE503-3853-E399-81CA-6EBBED1FB421}</UniqueIdentifier>
    </Filter>
    <Filter Include="OnEngine\Platform\Linux">
      <UniqueIdentifier>{EBD8870C-5710-D0A3-601A-34C7CCD0F69C}</UniqueIdentifier>
    </Filter>
    <Filter Include="OnEngine\Platform\Mac">
      <UniqueIdentifier>{0CDDA9BA-7849-65B5-413D-FD12AD68871D}</UniqueIdentifier>
    </Filter>
    <Filter Include="OnEngine\Platform\OpenGL">
      <UniqueIdentifier>{8008FCA4-6C2D-4B25-9578-30B581FC4943}</UniqueIdentifier>
    </Filter>
    <Filter Include="OnEngine\Platform\Window">
      <UniqueIdentifier>{336C2BB7-1F91-7A37-48DC-5FC734607955}</UniqueIdentifier>
    </Filter>
    <Filter Include="OnEngine\Rendering">
      <UniqueIdentifier>{C5D80AB7-B1BC-CB0C-1A1D-C65F0620B68E}</UniqueIdentifier>
    </Filter>
    <Filter Include="OnEngine\Util">
      <UniqueIdentifier>{C59B1C6A-315C-98A0-FA96-E11D6616DD7C}</UniqueIdentifier>
    </Filter>
  </ItemGroup>
  <ItemGroup>
    <ClInclude Include="src\OnEngine\Application.h">
      <Filter>OnEngine</Filter>
    </ClInclude>
    <ClInclude Include="src\OnEngine\EntryPoint.h">
      <Filter>OnEngine</Filter>
    </ClInclude>
    <ClInclude Include="src\OnEngine\Events\ApplicationEvent.h">
      <Filter>OnEngine\Events</Filter>
    </ClInclude>
    <ClInclude Include="src\OnEngine\Events\Event.h">
      <Filter>OnEngine\Events</Filter>
    </ClInclude>
    <ClInclude Include="src\OnEngine\Events\KeyEvent.h">
      <Filter>OnEngine\Events</Filter>
    </ClInclude>
    <ClInclude Include="src\OnEngine\Events\MouseEvent.h">
      <Filter>OnEngine\Events</Filter>
    </ClInclude>
    <ClInclude Include="src\OnEngine\IImput.h">
      <Filter>OnEngine</Filter>
    </ClInclude>
    <ClInclude Include="src\OnEngine\ImGui\ImGuiLayer.h">
      <Filter>OnEngine\ImGui</Filter>
    </ClInclude>
    <ClInclude Include="src\OnEngine\Layers\Layer.h">
      <Filter>OnEngine\Layers</Filter>
    </ClInclude>
    <ClInclude Include="src\OnEngine\Layers\LayerSatck.h">
      <Filter>OnEngine\Layers</Filter>
    </ClInclude>
    <ClInclude Include="src\OnEngine\Log.h">
      <Filter>OnEngine</Filter>
    </ClInclude>
    <ClInclude Include="src\OnEngine\Objs\Objects.h">
      <Filter>OnEngine\Objs</Filter>
    </ClInclude>
    <ClInclude Include="src\OnEngine\Platform\Linux\LinWindow.h">
      <Filter>OnEngine\Platform\Linux</Filter>
    </ClInclude>
    <ClInclude Include="src\OnEngine\Platform\Mac\MacWindow.h">
      <Filter>OnEngine\Platform\Mac</Filter>
    </ClInclude>
    <ClInclude Include="src\OnEngine\Platform\OpenGL\ImGuiGLRenderer.h">
      <Filter>OnEngine\Platform\OpenGL</Filter>
    </ClInclude>
    <ClInclude Include="src\OnEngine\Platform\Window\WinWindow.h">
      <Filter>OnEngine\Platform\Window</Filter>
    </ClInclude>
    <ClInclude Include="src\OnEngine\Platform\Window\WinWindowInput.h">
      <Filter>OnEngine\Platform\Window</Filter>
    </ClInclude>
    <ClInclude Include="src\OnEngine\Rendering\GLRender.h">
      <Filter>OnEngine\Rendering</Filter>
    </ClInclude>
    <ClInclude Include="src\OnEngine\Rendering\Render.h">
      <Filter>OnEngine\Rendering</Filter>
    </ClInclude>
    <ClInclude Include="src\OnEngine\Util\Defs.h">
      <Filter>OnEngine\Util</Filter>
    </ClInclude>
    <ClInclude Include="src\OnEngine\Util\LoadShaders.h">
      <Filter>OnEngine\Util</Filter>
    </ClInclude>
    <ClInclude Include="src\OnEngine\Util\OnApiCode.h">
      <Filter>OnEngine\Util</Filter>
    </ClInclude>
    <ClInclude Include="src\OnEngine\Util\OnINC.h">
      <Filter>OnEngine\Util</Filter>
    </ClInclude>
    <ClInclude Include="src\OnEngine\Window.h">
      <Filter>OnEngine</Filter>
    </ClInclude>
    <ClInclude Include="src\OnPCH.h" />
    <ClInclude Include="src\OnEngine\Drawing\Primitive.h" />
    <ClInclude Include="src\OnEngine\Drawing\Texture.h" />
    <ClInclude Include="src\OnEngine\Drawing\Vertex.h" />
    <ClInclude Include="src\OnEngine\Drawing\Material.h" />
    <ClInclude Include="src\OnEngine\Drawing\ShaderMgr.h" />
    <ClInclude Include="src\OnEngine\Drawing\Quad.h" />
    <ClInclude Include="src\OnEngine\Drawing\Triangle.h" />
    <ClInclude Include="src\OnEngine\Util\Shader.h" />
    <ClInclude Include="MainCtrl.h" />
  </ItemGroup>
  <ItemGroup>
    <ClCompile Include="src\OnEngine\Application.cpp">
      <Filter>OnEngine</Filter>
    </ClCompile>
    <ClCompile Include="src\OnEngine\ImGui\ImGuiLayer.cpp">
      <Filter>OnEngine\ImGui</Filter>
    </ClCompile>
    <ClCompile Include="src\OnEngine\Layers\Layer.cpp">
      <Filter>OnEngine\Layers</Filter>
    </ClCompile>
    <ClCompile Include="src\OnEngine\Layers\LayerSatck.cpp">
      <Filter>OnEngine\Layers</Filter>
    </ClCompile>
    <ClCompile Include="src\OnEngine\Log.cpp">
      <Filter>OnEngine</Filter>
    </ClCompile>
    <ClCompile Include="src\OnEngine\Objs\Objects.cpp">
      <Filter>OnEngine\Objs</Filter>
    </ClCompile>
    <ClCompile Include="src\OnEngine\Platform\Linux\LinWindow.cpp">
      <Filter>OnEngine\Platform\Linux</Filter>
    </ClCompile>
    <ClCompile Include="src\OnEngine\Platform\Mac\MacWindow.cpp">
      <Filter>OnEngine\Platform\Mac</Filter>
    </ClCompile>
    <ClCompile Include="src\OnEngine\Platform\OpenGL\ImGuiGLRenderer.cpp">
      <Filter>OnEngine\Platform\OpenGL</Filter>
    </ClCompile>
    <ClCompile Include="src\OnEngine\Platform\Window\WinWindow.cpp">
      <Filter>OnEngine\Platform\Window</Filter>
    </ClCompile>
    <ClCompile Include="src\OnEngine\Platform\Window\WinWindowInput.cpp">
      <Filter>OnEngine\Platform\Window</Filter>
    </ClCompile>
    <ClCompile Include="src\OnEngine\Rendering\GLRender.cpp">
      <Filter>OnEngine\Rendering</Filter>
    </ClCompile>
    <ClCompile Include="src\OnEngine\Rendering\Render.cpp">
      <Filter>OnEngine\Rendering</Filter>
    </ClCompile>
    <ClCompile Include="src\OnEngine\Util\LoadShaders.cpp">
      <Filter>OnEngine\Util</Filter>
    </ClCompile>
    <ClCompile Include="src\OnPCH.cpp" />
    <ClCompile Include="src\OnEngine\Drawing\Primitive.cpp" />
    <ClCompile Include="src\OnEngine\Drawing\Texture.cpp" />
    <ClCompile Include="src\OnEngine\Drawing\Material.cpp" />
    <ClCompile Include="src\OnEngine\Drawing\ShaderMgr.cpp" />
    <ClCompile Include="src\OnEngine\Drawing\Quad.cpp" />
    <ClCompile Include="src\OnEngine\Drawing\Triangle.cpp" />
    <ClCompile Include="src\OnEngine\Util\Shader.cpp" />
    <ClCompile Include="MainCtrl.cpp" />
  </ItemGroup>
</Project>